
Microsoft Visual Studio Solution File, Format Version 12.00
# Visual Studio Version 17
VisualStudioVersion = 17.9.34616.47
MinimumVisualStudioVersion = 10.0.40219.1
Project("{FAE04EC0-301F-11D3-BF4B-00C04F79EFBC}") = "EPMvisual", "EPMvisual\EPMvisual.csproj", "{B9886562-A0E2-4391-BE7E-F80F582DE985}"
EndProject
Global
	GlobalSection(SolutionConfigurationPlatforms) = preSolution
		Debug|Any CPU = Debug|Any CPU
		Release|Any CPU = Release|Any CPU
	EndGlobalSection
	GlobalSection(ProjectConfigurationPlatforms) = postSolution
		{B9886562-A0E2-4391-BE7E-F80F582DE985}.Debug|Any CPU.ActiveCfg = Debug|Any CPU
		{B9886562-A0E2-4391-BE7E-F80F582DE985}.Debug|Any CPU.Build.0 = Debug|Any CPU
		{B9886562-A0E2-4391-BE7E-F80F582DE985}.Release|Any CPU.ActiveCfg = Release|Any CPU
		{B9886562-A0E2-4391-BE7E-F80F582DE985}.Release|Any CPU.Build.0 = Release|Any CPU
	EndGlobalSection
	GlobalSection(SolutionProperties) = preSolution
		HideSolutionNode = FALSE
	EndGlobalSection
	GlobalSection(ExtensibilityGlobals) = postSolution
		SolutionGuid = {159DF9F9-DC00-48B3-B555-12224B929709}
	EndGlobalSection
EndGlobal
